
Microsoft Visual Studio Solution File, Format Version 12.00
# Visual Studio Version 16
VisualStudioVersion = 16.0.29613.14
MinimumVisualStudioVersion = 10.0.40219.1
Project("{8BC9CEB8-8B4A-11D0-8D11-00A0C91BC942}") = "Inheritance_Review", "Inheritance_Review\Inheritance_Review.vcxproj", "{671F87A0-B7CE-4CFB-A3FD-085672522866}"
EndProject
Global
	GlobalSection(SolutionConfigurationPlatforms) = preSolution
		Debug|x64 = Debug|x64
		Debug|x86 = Debug|x86
		Release|x64 = Release|x64
		Release|x86 = Release|x86
	EndGlobalSection
	GlobalSection(ProjectConfigurationPlatforms) = postSolution
		{671F87A0-B7CE-4CFB-A3FD-085672522866}.Debug|x64.ActiveCfg = Debug|x64
		{671F87A0-B7CE-4CFB-A3FD-085672522866}.Debug|x64.Build.0 = Debug|x64
		{671F87A0-B7CE-4CFB-A3FD-085672522866}.Debug|x86.ActiveCfg = Debug|Win32
		{671F87A0-B7CE-4CFB-A3FD-085672522866}.Debug|x86.Build.0 = Debug|Win32
		{671F87A0-B7CE-4CFB-A3FD-085672522866}.Release|x64.ActiveCfg = Release|x64
		{671F87A0-B7CE-4CFB-A3FD-085672522866}.Release|x64.Build.0 = Release|x64
		{671F87A0-B7CE-4CFB-A3FD-085672522866}.Release|x86.ActiveCfg = Release|Win32
		{671F87A0-B7CE-4CFB-A3FD-085672522866}.Release|x86.Build.0 = Release|Win32
	EndGlobalSection
	GlobalSection(SolutionProperties) = preSolution
		HideSolutionNode = FALSE
	EndGlobalSection
	GlobalSection(ExtensibilityGlobals) = postSolution
		SolutionGuid = {5E98A21D-BFC1-4496-8D2F-6A419F931B15}
	EndGlobalSection
EndGlobal
